
Microsoft Visual Studio Solution File, Format Version 12.00
# Visual Studio 15
VisualStudioVersion = 15.0.28010.2003
MinimumVisualStudioVersion = 10.0.40219.1
Project("{FAE04EC0-301F-11D3-BF4B-00C04F79EFBC}") = "Deltagerliste-WPF", "Deltagerliste-WPF\Deltagerliste-WPF.csproj", "{DB941913-969E-43B6-BA4B-ABB2163B3658}"
EndProject
Global
	GlobalSection(SolutionConfigurationPlatforms) = preSolution
		Debug|Any CPU = Debug|Any CPU
		Release|Any CPU = Release|Any CPU
	EndGlobalSection
	GlobalSection(ProjectConfigurationPlatforms) = postSolution
		{DB941913-969E-43B6-BA4B-ABB2163B3658}.Debug|Any CPU.ActiveCfg = Debug|Any CPU
		{DB941913-969E-43B6-BA4B-ABB2163B3658}.Debug|Any CPU.Build.0 = Debug|Any CPU
		{DB941913-969E-43B6-BA4B-ABB2163B3658}.Release|Any CPU.ActiveCfg = Release|Any CPU
		{DB941913-969E-43B6-BA4B-ABB2163B3658}.Release|Any CPU.Build.0 = Release|Any CPU
	EndGlobalSection
	GlobalSection(SolutionProperties) = preSolution
		HideSolutionNode = FALSE
	EndGlobalSection
	GlobalSection(ExtensibilityGlobals) = postSolution
		SolutionGuid = {41FA0FC9-6D5A-4895-AEA7-9438058427C1}
	EndGlobalSection
EndGlobal
